
Microsoft Visual Studio Solution File, Format Version 12.00
# Visual Studio Version 17
VisualStudioVersion = 17.10.35122.118
MinimumVisualStudioVersion = 10.0.40219.1
Project("{FAE04EC0-301F-11D3-BF4B-00C04F79EFBC}") = "MVC_2024", "MVC_2024.csproj", "{FFB08DD7-D9D4-4A35-90D2-A976D2849D10}"
EndProject
Global
	GlobalSection(SolutionConfigurationPlatforms) = preSolution
		Debug|Any CPU = Debug|Any CPU
		Release|Any CPU = Release|Any CPU
	EndGlobalSection
	GlobalSection(ProjectConfigurationPlatforms) = postSolution
		{FFB08DD7-D9D4-4A35-90D2-A976D2849D10}.Debug|Any CPU.ActiveCfg = Debug|Any CPU
		{FFB08DD7-D9D4-4A35-90D2-A976D2849D10}.Debug|Any CPU.Build.0 = Debug|Any CPU
		{FFB08DD7-D9D4-4A35-90D2-A976D2849D10}.Release|Any CPU.ActiveCfg = Release|Any CPU
		{FFB08DD7-D9D4-4A35-90D2-A976D2849D10}.Release|Any CPU.Build.0 = Release|Any CPU
	EndGlobalSection
	GlobalSection(SolutionProperties) = preSolution
		HideSolutionNode = FALSE
	EndGlobalSection
	GlobalSection(ExtensibilityGlobals) = postSolution
		SolutionGuid = {988AE3BB-1438-4B05-9F7E-9E73FD884A68}
	EndGlobalSection
EndGlobal
